github.com/govalues/decimal v0.1.33 h1:OoLFgtSrAK+Xttmv5ULVobriuoSKC/gyQjAqBjQqJE4=
github.com/govalues/decimal v0.1.33/go.mod h1:Ee7eI3Llf7hfqDZtpj8Q6NCIgJy1iY3kH1pSwDrNqlM=
github.com/govalues/money v0.2.3 h1:mj4pu+kSOREWdf+ilRB7ShY9qsv7N4hAgA4GgV2KmBQ=
github.com/govalues/money v0.2.3/go.mod h1:BMZg8OrA8gjhvVjlt9UyittzFDv5WlN/wZZlMChezQg=
golang.org/x/text v0.21.0 h1:zyQAAkrwaneQ066sspRyJaG9VNi/YJ1NfzcGB3hZ/qo=
golang.org/x/text v0.21.0/go.mod h1:4IBbMaMmOPCJ8SecivzSH54+73PCFmPWxNTLm+vZkEQ=
